// !$*UTF8*$!
{
	archiveVersion = 1;
	classes = {
	};
	objectVersion = 77;
	objects = {

/* Begin PBXBuildFile section */
		685253082EA0FA02005B13FC /* AppDelegate.swift in Sources */ = {isa = PBXBuildFile; fileRef = 685253002EA0FA02005B13FC /* AppDelegate.swift */; };
		685253092EA0FA02005B13FC /* SceneDelegate.swift in Sources */ = {isa = PBXBuildFile; fileRef = 685253052EA0FA02005B13FC /* SceneDelegate.swift */; };
		68F81BA32EA12BD800AA48DC /* Assets.xcassets in Resources */ = {isa = PBXBuildFile; fileRef = 68F81B9F2EA12BD800AA48DC /* Assets.xcassets */; };
		68F81BA42EA12BD800AA48DC /* LaunchScreen.storyboard in Resources */ = {isa = PBXBuildFile; fileRef = 68F81BA12EA12BD800AA48DC /* LaunchScreen.storyboard */; };
		68F81BA72EA12C3100AA48DC /* LoginViewController.swift in Sources */ = {isa = PBXBuildFile; fileRef = 68F81BA62EA12C3100AA48DC /* LoginViewController.swift */; };
		68F81BAE2EA12C7F00AA48DC /* TaskViewController.swift in Sources */ = {isa = PBXBuildFile; fileRef = 68F81BAD2EA12C7F00AA48DC /* TaskViewController.swift */; };
		68F81BB12EA12CB100AA48DC /* AddTaskViewController.swift in Sources */ = {isa = PBXBuildFile; fileRef = 68F81BB02EA12CB100AA48DC /* AddTaskViewController.swift */; };
		68F81BB52EA12E4400AA48DC /* BaseViewController.swift in Sources */ = {isa = PBXBuildFile; fileRef = 68F81BB42EA12E4400AA48DC /* BaseViewController.swift */; };
		68F81BB72EA12E8400AA48DC /* Bindable.swift in Sources */ = {isa = PBXBuildFile; fileRef = 68F81BB62EA12E8400AA48DC /* Bindable.swift */; };
/* End PBXBuildFile section */

/* Begin PBXFileReference section */
		685252E82EA0F9A2005B13FC /* Fill In.app */ = {isa = PBXFileReference; explicitFileType = wrapper.application; includeInIndex = 0; path = "Fill In.app"; sourceTree = BUILT_PRODUCTS_DIR; };
		685253002EA0FA02005B13FC /* AppDelegate.swift */ = {isa = PBXFileReference; lastKnownFileType = sourcecode.swift; path = AppDelegate.swift; sourceTree = "<group>"; };
		685253022EA0FA02005B13FC /* Info.plist */ = {isa = PBXFileReference; lastKnownFileType = text.plist.xml; path = Info.plist; sourceTree = "<group>"; };
		685253052EA0FA02005B13FC /* SceneDelegate.swift */ = {isa = PBXFileReference; lastKnownFileType = sourcecode.swift; path = SceneDelegate.swift; sourceTree = "<group>"; };
		68F81B9F2EA12BD800AA48DC /* Assets.xcassets */ = {isa = PBXFileReference; lastKnownFileType = folder.assetcatalog; path = Assets.xcassets; sourceTree = "<group>"; };
		68F81BA02EA12BD800AA48DC /* Base */ = {isa = PBXFileReference; lastKnownFileType = file.storyboard; name = Base; path = Base.lproj/LaunchScreen.storyboard; sourceTree = "<group>"; };
		68F81BA62EA12C3100AA48DC /* LoginViewController.swift */ = {isa = PBXFileReference; lastKnownFileType = sourcecode.swift; path = LoginViewController.swift; sourceTree = "<group>"; };
		68F81BAD2EA12C7F00AA48DC /* TaskViewController.swift */ = {isa = PBXFileReference; lastKnownFileType = sourcecode.swift; path = TaskViewController.swift; sourceTree = "<group>"; };
		68F81BB02EA12CB100AA48DC /* AddTaskViewController.swift */ = {isa = PBXFileReference; lastKnownFileType = sourcecode.swift; path = AddTaskViewController.swift; sourceTree = "<group>"; };
		68F81BB42EA12E4400AA48DC /* BaseViewController.swift */ = {isa = PBXFileReference; lastKnownFileType = sourcecode.swift; path = BaseViewController.swift; sourceTree = "<group>"; };
		68F81BB62EA12E8400AA48DC /* Bindable.swift */ = {isa = PBXFileReference; lastKnownFileType = sourcecode.swift; path = Bindable.swift; sourceTree = "<group>"; };
/* End PBXFileReference section */

/* Begin PBXFrameworksBuildPhase section */
		685252E52EA0F9A2005B13FC /* Frameworks */ = {
			isa = PBXFrameworksBuildPhase;
			buildActionMask = 2147483647;
			files = (
			);
			runOnlyForDeploymentPostprocessing = 0;
		};
/* End PBXFrameworksBuildPhase section */

/* Begin PBXGroup section */
		685252DF2EA0F9A2005B13FC = {
			isa = PBXGroup;
			children = (
				685253072EA0FA02005B13FC /* Fill In */,
				685252E92EA0F9A2005B13FC /* Products */,
			);
			sourceTree = "<group>";
		};
		685252E92EA0F9A2005B13FC /* Products */ = {
			isa = PBXGroup;
			children = (
				685252E82EA0F9A2005B13FC /* Fill In.app */,
			);
			name = Products;
			sourceTree = "<group>";
		};
		685253072EA0FA02005B13FC /* Fill In */ = {
			isa = PBXGroup;
			children = (
				68F81B9E2EA12BB900AA48DC /* App */,
				68F81BA22EA12BD800AA48DC /* Resources */,
				68F81BA52EA12C0000AA48DC /* Presentation */,
			);
			path = "Fill In";
			sourceTree = "<group>";
		};
		68F81B9E2EA12BB900AA48DC /* App */ = {
			isa = PBXGroup;
			children = (
				685253052EA0FA02005B13FC /* SceneDelegate.swift */,
				685253002EA0FA02005B13FC /* AppDelegate.swift */,
				685253022EA0FA02005B13FC /* Info.plist */,
			);
			path = App;
			sourceTree = "<group>";
		};
		68F81BA22EA12BD800AA48DC /* Resources */ = {
			isa = PBXGroup;
			children = (
				68F81B9F2EA12BD800AA48DC /* Assets.xcassets */,
				68F81BA12EA12BD800AA48DC /* LaunchScreen.storyboard */,
			);
			path = Resources;
			sourceTree = "<group>";
		};
		68F81BA52EA12C0000AA48DC /* Presentation */ = {
			isa = PBXGroup;
			children = (
				68F81BA82EA12C4900AA48DC /* Auth */,
				68F81BAF2EA12C8A00AA48DC /* TaskList */,
				68F81BB22EA12CB500AA48DC /* AddTask */,
				68F81BB32EA12E0100AA48DC /* Shared */,
			);
			path = Presentation;
			sourceTree = "<group>";
		};
		68F81BA82EA12C4900AA48DC /* Auth */ = {
			isa = PBXGroup;
			children = (
				68F81BA62EA12C3100AA48DC /* LoginViewController.swift */,
			);
			path = Auth;
			sourceTree = "<group>";
		};
		68F81BAF2EA12C8A00AA48DC /* TaskList */ = {
			isa = PBXGroup;
			children = (
				68F81BAD2EA12C7F00AA48DC /* TaskViewController.swift */,
			);
			path = TaskList;
			sourceTree = "<group>";
		};
		68F81BB22EA12CB500AA48DC /* AddTask */ = {
			isa = PBXGroup;
			children = (
				68F81BB02EA12CB100AA48DC /* AddTaskViewController.swift */,
			);
			path = AddTask;
			sourceTree = "<group>";
		};
		68F81BB32EA12E0100AA48DC /* Shared */ = {
			isa = PBXGroup;
			children = (
				68F81BB42EA12E4400AA48DC /* BaseViewController.swift */,
				68F81BB62EA12E8400AA48DC /* Bindable.swift */,
			);
			path = Shared;
			sourceTree = "<group>";
		};
/* End PBXGroup section */

/* Begin PBXNativeTarget section */
		685252E72EA0F9A2005B13FC /* Fill In */ = {
			isa = PBXNativeTarget;
			buildConfigurationList = 685252FB2EA0F9A4005B13FC /* Build configuration list for PBXNativeTarget "Fill In" */;
			buildPhases = (
				685252E42EA0F9A2005B13FC /* Sources */,
				685252E52EA0F9A2005B13FC /* Frameworks */,
				685252E62EA0F9A2005B13FC /* Resources */,
			);
			buildRules = (
			);
			dependencies = (
			);
			name = "Fill In";
			packageProductDependencies = (
			);
			productName = "Fill In";
			productReference = 685252E82EA0F9A2005B13FC /* Fill In.app */;
			productType = "com.apple.product-type.application";
		};
/* End PBXNativeTarget section */

/* Begin PBXProject section */
		685252E02EA0F9A2005B13FC /* Project object */ = {
			isa = PBXProject;
			attributes = {
				BuildIndependentTargetsInParallel = 1;
				LastSwiftUpdateCheck = 1620;
				LastUpgradeCheck = 1620;
				TargetAttributes = {
					685252E72EA0F9A2005B13FC = {
						CreatedOnToolsVersion = 16.2;
					};
				};
			};
			buildConfigurationList = 685252E32EA0F9A2005B13FC /* Build configuration list for PBXProject "Fill In" */;
			developmentRegion = en;
			hasScannedForEncodings = 0;
			knownRegions = (
				en,
				Base,
			);
			mainGroup = 685252DF2EA0F9A2005B13FC;
			minimizedProjectReferenceProxies = 1;
			preferredProjectObjectVersion = 77;
			productRefGroup = 685252E92EA0F9A2005B13FC /* Products */;
			projectDirPath = "";
			projectRoot = "";
			targets = (
				685252E72EA0F9A2005B13FC /* Fill In */,
			);
		};
/* End PBXProject section */

/* Begin PBXResourcesBuildPhase section */
		685252E62EA0F9A2005B13FC /* Resources */ = {
			isa = PBXResourcesBuildPhase;
			buildActionMask = 2147483647;
			files = (
				68F81BA32EA12BD800AA48DC /* Assets.xcassets in Resources */,
				68F81BA42EA12BD800AA48DC /* LaunchScreen.storyboard in Resources */,
			);
			runOnlyForDeploymentPostprocessing = 0;
		};
/* End PBXResourcesBuildPhase section */

/* Begin PBXSourcesBuildPhase section */
		685252E42EA0F9A2005B13FC /* Sources */ = {
			isa = PBXSourcesBuildPhase;
			buildActionMask = 2147483647;
			files = (
				68F81BA72EA12C3100AA48DC /* LoginViewController.swift in Sources */,
				68F81BB72EA12E8400AA48DC /* Bindable.swift in Sources */,
				68F81BAE2EA12C7F00AA48DC /* TaskViewController.swift in Sources */,
				685253082EA0FA02005B13FC /* AppDelegate.swift in Sources */,
				685253092EA0FA02005B13FC /* SceneDelegate.swift in Sources */,
				68F81BB12EA12CB100AA48DC /* AddTaskViewController.swift in Sources */,
				68F81BB52EA12E4400AA48DC /* BaseViewController.swift in Sources */,
			);
			runOnlyForDeploymentPostprocessing = 0;
		};
/* End PBXSourcesBuildPhase section */

/* Begin PBXVariantGroup section */
		68F81BA12EA12BD800AA48DC /* LaunchScreen.storyboard */ = {
			isa = PBXVariantGroup;
			children = (
				68F81BA02EA12BD800AA48DC /* Base */,
			);
			name = LaunchScreen.storyboard;
			sourceTree = "<group>";
		};
/* End PBXVariantGroup section */

/* Begin XCBuildConfiguration section */
		685252FC2EA0F9A4005B13FC /* Debug */ = {
			isa = XCBuildConfiguration;
			buildSettings = {
				ASSETCATALOG_COMPILER_APPICON_NAME = AppIcon;
				ASSETCATALOG_COMPILER_GLOBAL_ACCENT_COLOR_NAME = AccentColor;
				CODE_SIGN_STYLE = Automatic;
				CURRENT_PROJECT_VERSION = 1;
				DEVELOPMENT_TEAM = XU83GBGKSX;
				GENERATE_INFOPLIST_FILE = YES;
				INFOPLIST_FILE = "Fill In/Info.plist";
				INFOPLIST_KEY_UIApplicationSupportsIndirectInputEvents = YES;
				INFOPLIST_KEY_UILaunchStoryboardName = LaunchScreen;
				INFOPLIST_KEY_UISupportedInterfaceOrientations_iPad = "UIInterfaceOrientationPortrait UIInterfaceOrientationPortraitUpsideDown UIInterfaceOrientationLandscapeLeft UIInterfaceOrientationLandscapeRight";
				INFOPLIST_KEY_UISupportedInterfaceOrientations_iPhone = "UIInterfaceOrientationPortrait UIInterfaceOrientationLandscapeLeft UIInterfaceOrientationLandscapeRight";
				LD_RUNPATH_SEARCH_PATHS = (
					"$(inherited)",
					"@executable_path/Frameworks",
				);
				MARKETING_VERSION = 1.0;
				PRODUCT_BUNDLE_IDENTIFIER = "com.burdakovskyi.Fill-In";
				PRODUCT_NAME = "$(TARGET_NAME)";
				SUPPORTED_PLATFORMS = "iphoneos iphonesimulator";
				SUPPORTS_MACCATALYST = NO;
				SUPPORTS_MAC_DESIGNED_FOR_IPHONE_IPAD = NO;
				SUPPORTS_XR_DESIGNED_FOR_IPHONE_IPAD = NO;
				SWIFT_EMIT_LOC_STRINGS = YES;
				SWIFT_VERSION = 5.0;
				TARGETED_DEVICE_FAMILY = 1;
			};
			name = Debug;
		};
		685252FD2EA0F9A4005B13FC /* Release */ = {
			isa = XCBuildConfiguration;
			buildSettings = {
				ASSETCATALOG_COMPILER_APPICON_NAME = AppIcon;
				ASSETCATALOG_COMPILER_GLOBAL_ACCENT_COLOR_NAME = AccentColor;
				CODE_SIGN_STYLE = Automatic;
				CURRENT_PROJECT_VERSION = 1;
				DEVELOPMENT_TEAM = XU83GBGKSX;
				GENERATE_INFOPLIST_FILE = YES;
				INFOPLIST_FILE = "Fill In/Info.plist";
				INFOPLIST_KEY_UIApplicationSupportsIndirectInputEvents = YES;
				INFOPLIST_KEY_UILaunchStoryboardName = LaunchScreen;
				INFOPLIST_KEY_UISupportedInterfaceOrientations_iPad = "UIInterfaceOrientationPortrait UIInterfaceOrientationPortraitUpsideDown UIInterfaceOrientationLandscapeLeft UIInterfaceOrientationLandscapeRight";
				INFOPLIST_KEY_UISupportedInterfaceOrientations_iPhone = "UIInterfaceOrientationPortrait UIInterfaceOrientationLandscapeLeft UIInterfaceOrientationLandscapeRight";
				LD_RUNPATH_SEARCH_PATHS = (
					"$(inherited)",
					"@executable_path/Frameworks",
				);
				MARKETING_VERSION = 1.0;
				PRODUCT_BUNDLE_IDENTIFIER = "com.burdakovskyi.Fill-In";
				PRODUCT_NAME = "$(TARGET_NAME)";
				SUPPORTED_PLATFORMS = "iphoneos iphonesimulator";
				SUPPORTS_MACCATALYST = NO;
				SUPPORTS_MAC_DESIGNED_FOR_IPHONE_IPAD = NO;
				SUPPORTS_XR_DESIGNED_FOR_IPHONE_IPAD = NO;
				SWIFT_EMIT_LOC_STRINGS = YES;
				SWIFT_VERSION = 5.0;
				TARGETED_DEVICE_FAMILY = 1;
			};
			name = Release;
		};
		685252FE2EA0F9A4005B13FC /* Debug */ = {
			isa = XCBuildConfiguration;
			buildSettings = {
				ALWAYS_SEARCH_USER_PATHS = NO;
				ASSETCATALOG_COMPILER_GENERATE_SWIFT_ASSET_SYMBOL_EXTENSIONS = YES;
				CLANG_ANALYZER_NONNULL = YES;
				CLANG_ANALYZER_NUMBER_OBJECT_CONVERSION = YES_AGGRESSIVE;
				CLANG_CXX_LANGUAGE_STANDARD = "gnu++20";
				CLANG_ENABLE_MODULES = YES;
				CLANG_ENABLE_OBJC_ARC = YES;
				CLANG_ENABLE_OBJC_WEAK = YES;
				CLANG_WARN_BLOCK_CAPTURE_AUTORELEASING = YES;
				CLANG_WARN_BOOL_CONVERSION = YES;
				CLANG_WARN_COMMA = YES;
				CLANG_WARN_CONSTANT_CONVERSION = YES;
				CLANG_WARN_DEPRECATED_OBJC_IMPLEMENTATIONS = YES;
				CLANG_WARN_DIRECT_OBJC_ISA_USAGE = YES_ERROR;
				CLANG_WARN_DOCUMENTATION_COMMENTS = YES;
				CLANG_WARN_EMPTY_BODY = YES;
				CLANG_WARN_ENUM_CONVERSION = YES;
				CLANG_WARN_INFINITE_RECURSION = YES;
				CLANG_WARN_INT_CONVERSION = YES;
				CLANG_WARN_NON_LITERAL_NULL_CONVERSION = YES;
				CLANG_WARN_OBJC_IMPLICIT_RETAIN_SELF = YES;
				CLANG_WARN_OBJC_LITERAL_CONVERSION = YES;
				CLANG_WARN_OBJC_ROOT_CLASS = YES_ERROR;
				CLANG_WARN_QUOTED_INCLUDE_IN_FRAMEWORK_HEADER = YES;
				CLANG_WARN_RANGE_LOOP_ANALYSIS = YES;
				CLANG_WARN_STRICT_PROTOTYPES = YES;
				CLANG_WARN_SUSPICIOUS_MOVE = YES;
				CLANG_WARN_UNGUARDED_AVAILABILITY = YES_AGGRESSIVE;
				CLANG_WARN_UNREACHABLE_CODE = YES;
				CLANG_WARN__DUPLICATE_METHOD_MATCH = YES;
				COPY_PHASE_STRIP = NO;
				DEBUG_INFORMATION_FORMAT = dwarf;
				ENABLE_STRICT_OBJC_MSGSEND = YES;
				ENABLE_TESTABILITY = YES;
				ENABLE_USER_SCRIPT_SANDBOXING = YES;
				GCC_C_LANGUAGE_STANDARD = gnu17;
				GCC_DYNAMIC_NO_PIC = NO;
				GCC_NO_COMMON_BLOCKS = YES;
				GCC_OPTIMIZATION_LEVEL = 0;
				GCC_PREPROCESSOR_DEFINITIONS = (
					"DEBUG=1",
					"$(inherited)",
				);
				GCC_WARN_64_TO_32_BIT_CONVERSION = YES;
				GCC_WARN_ABOUT_RETURN_TYPE = YES_ERROR;
				GCC_WARN_UNDECLARED_SELECTOR = YES;
				GCC_WARN_UNINITIALIZED_AUTOS = YES_AGGRESSIVE;
				GCC_WARN_UNUSED_FUNCTION = YES;
				GCC_WARN_UNUSED_VARIABLE = YES;
				IPHONEOS_DEPLOYMENT_TARGET = 18.2;
				LOCALIZATION_PREFERS_STRING_CATALOGS = YES;
				MTL_ENABLE_DEBUG_INFO = INCLUDE_SOURCE;
				MTL_FAST_MATH = YES;
				ONLY_ACTIVE_ARCH = YES;
				SDKROOT = iphoneos;
				SWIFT_ACTIVE_COMPILATION_CONDITIONS = "DEBUG $(inherited)";
				SWIFT_OPTIMIZATION_LEVEL = "-Onone";
			};
			name = Debug;
		};
		685252FF2EA0F9A4005B13FC /* Release */ = {
			isa = XCBuildConfiguration;
			buildSettings = {
				ALWAYS_SEARCH_USER_PATHS = NO;
				ASSETCATALOG_COMPILER_GENERATE_SWIFT_ASSET_SYMBOL_EXTENSIONS = YES;
				CLANG_ANALYZER_NONNULL = YES;
				CLANG_ANALYZER_NUMBER_OBJECT_CONVERSION = YES_AGGRESSIVE;
				CLANG_CXX_LANGUAGE_STANDARD = "gnu++20";
				CLANG_ENABLE_MODULES = YES;
				CLANG_ENABLE_OBJC_ARC = YES;
				CLANG_ENABLE_OBJC_WEAK = YES;
				CLANG_WARN_BLOCK_CAPTURE_AUTORELEASING = YES;
				CLANG_WARN_BOOL_CONVERSION = YES;
				CLANG_WARN_COMMA = YES;
				CLANG_WARN_CONSTANT_CONVERSION = YES;
				CLANG_WARN_DEPRECATED_OBJC_IMPLEMENTATIONS = YES;
				CLANG_WARN_DIRECT_OBJC_ISA_USAGE = YES_ERROR;
				CLANG_WARN_DOCUMENTATION_COMMENTS = YES;
				CLANG_WARN_EMPTY_BODY = YES;
				CLANG_WARN_ENUM_CONVERSION = YES;
				CLANG_WARN_INFINITE_RECURSION = YES;
				CLANG_WARN_INT_CONVERSION = YES;
				CLANG_WARN_NON_LITERAL_NULL_CONVERSION = YES;
				CLANG_WARN_OBJC_IMPLICIT_RETAIN_SELF = YES;
				CLANG_WARN_OBJC_LITERAL_CONVERSION = YES;
				CLANG_WARN_OBJC_ROOT_CLASS = YES_ERROR;
				CLANG_WARN_QUOTED_INCLUDE_IN_FRAMEWORK_HEADER = YES;
				CLANG_WARN_RANGE_LOOP_ANALYSIS = YES;
				CLANG_WARN_STRICT_PROTOTYPES = YES;
				CLANG_WARN_SUSPICIOUS_MOVE = YES;
				CLANG_WARN_UNGUARDED_AVAILABILITY = YES_AGGRESSIVE;
				CLANG_WARN_UNREACHABLE_CODE = YES;
				CLANG_WARN__DUPLICATE_METHOD_MATCH = YES;
				COPY_PHASE_STRIP = NO;
				DEBUG_INFORMATION_FORMAT = "dwarf-with-dsym";
				ENABLE_NS_ASSERTIONS = NO;
				ENABLE_STRICT_OBJC_MSGSEND = YES;
				ENABLE_USER_SCRIPT_SANDBOXING = YES;
				GCC_C_LANGUAGE_STANDARD = gnu17;
				GCC_NO_COMMON_BLOCKS = YES;
				GCC_WARN_64_TO_32_BIT_CONVERSION = YES;
				GCC_WARN_ABOUT_RETURN_TYPE = YES_ERROR;
				GCC_WARN_UNDECLARED_SELECTOR = YES;
				GCC_WARN_UNINITIALIZED_AUTOS = YES_AGGRESSIVE;
				GCC_WARN_UNUSED_FUNCTION = YES;
				GCC_WARN_UNUSED_VARIABLE = YES;
				IPHONEOS_DEPLOYMENT_TARGET = 18.2;
				LOCALIZATION_PREFERS_STRING_CATALOGS = YES;
				MTL_ENABLE_DEBUG_INFO = NO;
				MTL_FAST_MATH = YES;
				SDKROOT = iphoneos;
				SWIFT_COMPILATION_MODE = wholemodule;
				VALIDATE_PRODUCT = YES;
			};
			name = Release;
		};
/* End XCBuildConfiguration section */

/* Begin XCConfigurationList section */
		685252E32EA0F9A2005B13FC /* Build configuration list for PBXProject "Fill In" */ = {
			isa = XCConfigurationList;
			buildConfigurations = (
				685252FE2EA0F9A4005B13FC /* Debug */,
				685252FF2EA0F9A4005B13FC /* Release */,
			);
			defaultConfigurationIsVisible = 0;
			defaultConfigurationName = Release;
		};
		685252FB2EA0F9A4005B13FC /* Build configuration list for PBXNativeTarget "Fill In" */ = {
			isa = XCConfigurationList;
			buildConfigurations = (
				685252FC2EA0F9A4005B13FC /* Debug */,
				685252FD2EA0F9A4005B13FC /* Release */,
			);
			defaultConfigurationIsVisible = 0;
			defaultConfigurationName = Release;
		};
/* End XCConfigurationList section */
	};
	rootObject = 685252E02EA0F9A2005B13FC /* Project object */;
}
