// !$*UTF8*$!
{
	archiveVersion = 1;
	classes = {
	};
	objectVersion = 77;
	objects = {

/* Begin PBXBuildFile section */
		6816E3052EA4D9A000E6CE03 /* UserSettingsRepository.swift in Sources */ = {isa = PBXBuildFile; fileRef = 6816E3042EA4D9A000E6CE03 /* UserSettingsRepository.swift */; };
		6816E3072EA4DA0600E6CE03 /* GetActiveFiltersUseCase.swift in Sources */ = {isa = PBXBuildFile; fileRef = 6816E3062EA4DA0600E6CE03 /* GetActiveFiltersUseCase.swift */; };
		6816E3092EA4DA1700E6CE03 /* UpdateActiveFiltersUseCase.swift in Sources */ = {isa = PBXBuildFile; fileRef = 6816E3082EA4DA1700E6CE03 /* UpdateActiveFiltersUseCase.swift */; };
		6816E30B2EA4DA3E00E6CE03 /* UserDefaultsUserSettingsRepository.swift in Sources */ = {isa = PBXBuildFile; fileRef = 6816E30A2EA4DA3E00E6CE03 /* UserDefaultsUserSettingsRepository.swift */; };
		6816E30E2EA4E43700E6CE03 /* FilterCategoryViewModel.swift in Sources */ = {isa = PBXBuildFile; fileRef = 6816E30D2EA4E43700E6CE03 /* FilterCategoryViewModel.swift */; };
		68229B052EA42FD1000CC1E2 /* MockTaskRepository.swift in Sources */ = {isa = PBXBuildFile; fileRef = 68229B042EA42FD1000CC1E2 /* MockTaskRepository.swift */; };
		6828A4A02EA2B12200C41D38 /* Task.swift in Sources */ = {isa = PBXBuildFile; fileRef = 6828A49F2EA2B12200C41D38 /* Task.swift */; };
		6828A4A32EA2B15B00C41D38 /* AddTaskUseCase.swift in Sources */ = {isa = PBXBuildFile; fileRef = 6828A4A22EA2B15B00C41D38 /* AddTaskUseCase.swift */; };
		6828A4A52EA2B16C00C41D38 /* GetTasksUseCase.swift in Sources */ = {isa = PBXBuildFile; fileRef = 6828A4A42EA2B16C00C41D38 /* GetTasksUseCase.swift */; };
		6828A4A72EA2B18500C41D38 /* UpdateTaskUseCase.swift in Sources */ = {isa = PBXBuildFile; fileRef = 6828A4A62EA2B18500C41D38 /* UpdateTaskUseCase.swift */; };
		6828A4A92EA2B19C00C41D38 /* DeleteTaskUseCase.swift in Sources */ = {isa = PBXBuildFile; fileRef = 6828A4A82EA2B19C00C41D38 /* DeleteTaskUseCase.swift */; };
		6828A4AC2EA2B1BC00C41D38 /* TaskRepository.swift in Sources */ = {isa = PBXBuildFile; fileRef = 6828A4AB2EA2B1BC00C41D38 /* TaskRepository.swift */; };
		6828A4AF2EA2B1DA00C41D38 /* SpeechService.swift in Sources */ = {isa = PBXBuildFile; fileRef = 6828A4AE2EA2B1DA00C41D38 /* SpeechService.swift */; };
		6828A4B42EA2B76700C41D38 /* AppDIContainer.swift in Sources */ = {isa = PBXBuildFile; fileRef = 6828A4B32EA2B76700C41D38 /* AppDIContainer.swift */; };
		685253082EA0FA02005B13FC /* AppDelegate.swift in Sources */ = {isa = PBXBuildFile; fileRef = 685253002EA0FA02005B13FC /* AppDelegate.swift */; };
		685253092EA0FA02005B13FC /* SceneDelegate.swift in Sources */ = {isa = PBXBuildFile; fileRef = 685253052EA0FA02005B13FC /* SceneDelegate.swift */; };
		68565AF52EA392A9009E2C6F /* TaskCategory.swift in Sources */ = {isa = PBXBuildFile; fileRef = 68565AF42EA392A9009E2C6F /* TaskCategory.swift */; };
		68565AF72EA392E7009E2C6F /* TaskImportance.swift in Sources */ = {isa = PBXBuildFile; fileRef = 68565AF62EA392E7009E2C6F /* TaskImportance.swift */; };
		68565AFE2EA396E0009E2C6F /* RealmTaskObject.swift in Sources */ = {isa = PBXBuildFile; fileRef = 68565AFD2EA396E0009E2C6F /* RealmTaskObject.swift */; };
		68565B012EA3980E009E2C6F /* RealmTaskRepository.swift in Sources */ = {isa = PBXBuildFile; fileRef = 68565B002EA3980E009E2C6F /* RealmTaskRepository.swift */; };
		68565B032EA3986D009E2C6F /* TaskMapper.swift in Sources */ = {isa = PBXBuildFile; fileRef = 68565B022EA3986D009E2C6F /* TaskMapper.swift */; };
		68565B062EA39F5B009E2C6F /* RealmSwift in Frameworks */ = {isa = PBXBuildFile; productRef = 68565B052EA39F5B009E2C6F /* RealmSwift */; };
		68565B082EA3A10C009E2C6F /* TasksModuleFactory.swift in Sources */ = {isa = PBXBuildFile; fileRef = 68565B072EA3A10C009E2C6F /* TasksModuleFactory.swift */; };
		68565B0B2EA3F8CC009E2C6F /* CategoryCell.swift in Sources */ = {isa = PBXBuildFile; fileRef = 68565B0A2EA3F8CC009E2C6F /* CategoryCell.swift */; };
		68565B0D2EA3FA11009E2C6F /* FilterTaskCategory.swift in Sources */ = {isa = PBXBuildFile; fileRef = 68565B0C2EA3FA11009E2C6F /* FilterTaskCategory.swift */; };
		68565B0F2EA40911009E2C6F /* UITableViewCell+id.swift in Sources */ = {isa = PBXBuildFile; fileRef = 68565B0E2EA40911009E2C6F /* UITableViewCell+id.swift */; };
		68565B112EA40953009E2C6F /* UICollectionViewCell+id.swift in Sources */ = {isa = PBXBuildFile; fileRef = 68565B102EA40953009E2C6F /* UICollectionViewCell+id.swift */; };
		68A821FD2EA1639800E81EF2 /* TaskView.swift in Sources */ = {isa = PBXBuildFile; fileRef = 68A821FC2EA1639800E81EF2 /* TaskView.swift */; };
		68A821FF2EA163BE00E81EF2 /* TaskViewModel.swift in Sources */ = {isa = PBXBuildFile; fileRef = 68A821FE2EA163BE00E81EF2 /* TaskViewModel.swift */; };
		68A822012EA1641400E81EF2 /* AddTaskView.swift in Sources */ = {isa = PBXBuildFile; fileRef = 68A822002EA1641400E81EF2 /* AddTaskView.swift */; };
		68A822032EA1643200E81EF2 /* AddTaskViewModel.swift in Sources */ = {isa = PBXBuildFile; fileRef = 68A822022EA1643200E81EF2 /* AddTaskViewModel.swift */; };
		68A822052EA1646800E81EF2 /* TaskCell.swift in Sources */ = {isa = PBXBuildFile; fileRef = 68A822042EA1646800E81EF2 /* TaskCell.swift */; };
		68A822082EA16E3100E81EF2 /* MainTabBarController.swift in Sources */ = {isa = PBXBuildFile; fileRef = 68A822072EA16E3100E81EF2 /* MainTabBarController.swift */; };
		68A8220A2EA16EC700E81EF2 /* StatsViewController.swift in Sources */ = {isa = PBXBuildFile; fileRef = 68A822092EA16EC700E81EF2 /* StatsViewController.swift */; };
		68A8220D2EA16F3300E81EF2 /* StatsView.swift in Sources */ = {isa = PBXBuildFile; fileRef = 68A8220C2EA16F3300E81EF2 /* StatsView.swift */; };
		68A8220F2EA16F5100E81EF2 /* StatsViewModel.swift in Sources */ = {isa = PBXBuildFile; fileRef = 68A8220E2EA16F5100E81EF2 /* StatsViewModel.swift */; };
		68A822112EA16FCD00E81EF2 /* AppCoordinator.swift in Sources */ = {isa = PBXBuildFile; fileRef = 68A822102EA16FCD00E81EF2 /* AppCoordinator.swift */; };
		68A822132EA16FE200E81EF2 /* Constants.swift in Sources */ = {isa = PBXBuildFile; fileRef = 68A822122EA16FE200E81EF2 /* Constants.swift */; };
		68A8221B2EA177C200E81EF2 /* BaseCoordinator.swift in Sources */ = {isa = PBXBuildFile; fileRef = 68A8221A2EA177C200E81EF2 /* BaseCoordinator.swift */; };
		68A8221D2EA177CF00E81EF2 /* LoginCoordinator.swift in Sources */ = {isa = PBXBuildFile; fileRef = 68A8221C2EA177CF00E81EF2 /* LoginCoordinator.swift */; };
		68A8221F2EA177E600E81EF2 /* TabBarCoordinator.swift in Sources */ = {isa = PBXBuildFile; fileRef = 68A8221E2EA177E600E81EF2 /* TabBarCoordinator.swift */; };
		68A822212EA177FD00E81EF2 /* TasksCoordinator.swift in Sources */ = {isa = PBXBuildFile; fileRef = 68A822202EA177FD00E81EF2 /* TasksCoordinator.swift */; };
		68A822232EA1785800E81EF2 /* StatsCoordinator.swift in Sources */ = {isa = PBXBuildFile; fileRef = 68A822222EA1785800E81EF2 /* StatsCoordinator.swift */; };
		68F81BA32EA12BD800AA48DC /* Assets.xcassets in Resources */ = {isa = PBXBuildFile; fileRef = 68F81B9F2EA12BD800AA48DC /* Assets.xcassets */; };
		68F81BA42EA12BD800AA48DC /* LaunchScreen.storyboard in Resources */ = {isa = PBXBuildFile; fileRef = 68F81BA12EA12BD800AA48DC /* LaunchScreen.storyboard */; };
		68F81BA72EA12C3100AA48DC /* LoginViewController.swift in Sources */ = {isa = PBXBuildFile; fileRef = 68F81BA62EA12C3100AA48DC /* LoginViewController.swift */; };
		68F81BAE2EA12C7F00AA48DC /* TaskViewController.swift in Sources */ = {isa = PBXBuildFile; fileRef = 68F81BAD2EA12C7F00AA48DC /* TaskViewController.swift */; };
		68F81BB12EA12CB100AA48DC /* AddTaskViewController.swift in Sources */ = {isa = PBXBuildFile; fileRef = 68F81BB02EA12CB100AA48DC /* AddTaskViewController.swift */; };
		68F81BB52EA12E4400AA48DC /* BaseViewController.swift in Sources */ = {isa = PBXBuildFile; fileRef = 68F81BB42EA12E4400AA48DC /* BaseViewController.swift */; };
		68F81BB72EA12E8400AA48DC /* Bindable.swift in Sources */ = {isa = PBXBuildFile; fileRef = 68F81BB62EA12E8400AA48DC /* Bindable.swift */; };
		68F81BB92EA13D9A00AA48DC /* LoginView.swift in Sources */ = {isa = PBXBuildFile; fileRef = 68F81BB82EA13D9A00AA48DC /* LoginView.swift */; };
		68F81BBB2EA13E9900AA48DC /* AuthViewModel.swift in Sources */ = {isa = PBXBuildFile; fileRef = 68F81BBA2EA13E9900AA48DC /* AuthViewModel.swift */; };
/* End PBXBuildFile section */

/* Begin PBXFileReference section */
		6816E3042EA4D9A000E6CE03 /* UserSettingsRepository.swift */ = {isa = PBXFileReference; lastKnownFileType = sourcecode.swift; path = UserSettingsRepository.swift; sourceTree = "<group>"; };
		6816E3062EA4DA0600E6CE03 /* GetActiveFiltersUseCase.swift */ = {isa = PBXFileReference; lastKnownFileType = sourcecode.swift; path = GetActiveFiltersUseCase.swift; sourceTree = "<group>"; };
		6816E3082EA4DA1700E6CE03 /* UpdateActiveFiltersUseCase.swift */ = {isa = PBXFileReference; lastKnownFileType = sourcecode.swift; path = UpdateActiveFiltersUseCase.swift; sourceTree = "<group>"; };
		6816E30A2EA4DA3E00E6CE03 /* UserDefaultsUserSettingsRepository.swift */ = {isa = PBXFileReference; lastKnownFileType = sourcecode.swift; path = UserDefaultsUserSettingsRepository.swift; sourceTree = "<group>"; };
		6816E30D2EA4E43700E6CE03 /* FilterCategoryViewModel.swift */ = {isa = PBXFileReference; lastKnownFileType = sourcecode.swift; path = FilterCategoryViewModel.swift; sourceTree = "<group>"; };
		68229B042EA42FD1000CC1E2 /* MockTaskRepository.swift */ = {isa = PBXFileReference; lastKnownFileType = sourcecode.swift; path = MockTaskRepository.swift; sourceTree = "<group>"; };
		6828A49F2EA2B12200C41D38 /* Task.swift */ = {isa = PBXFileReference; lastKnownFileType = sourcecode.swift; path = Task.swift; sourceTree = "<group>"; };
		6828A4A22EA2B15B00C41D38 /* AddTaskUseCase.swift */ = {isa = PBXFileReference; lastKnownFileType = sourcecode.swift; path = AddTaskUseCase.swift; sourceTree = "<group>"; };
		6828A4A42EA2B16C00C41D38 /* GetTasksUseCase.swift */ = {isa = PBXFileReference; lastKnownFileType = sourcecode.swift; path = GetTasksUseCase.swift; sourceTree = "<group>"; };
		6828A4A62EA2B18500C41D38 /* UpdateTaskUseCase.swift */ = {isa = PBXFileReference; lastKnownFileType = sourcecode.swift; path = UpdateTaskUseCase.swift; sourceTree = "<group>"; };
		6828A4A82EA2B19C00C41D38 /* DeleteTaskUseCase.swift */ = {isa = PBXFileReference; lastKnownFileType = sourcecode.swift; path = DeleteTaskUseCase.swift; sourceTree = "<group>"; };
		6828A4AB2EA2B1BC00C41D38 /* TaskRepository.swift */ = {isa = PBXFileReference; lastKnownFileType = sourcecode.swift; path = TaskRepository.swift; sourceTree = "<group>"; };
		6828A4AE2EA2B1DA00C41D38 /* SpeechService.swift */ = {isa = PBXFileReference; lastKnownFileType = sourcecode.swift; path = SpeechService.swift; sourceTree = "<group>"; };
		6828A4B32EA2B76700C41D38 /* AppDIContainer.swift */ = {isa = PBXFileReference; lastKnownFileType = sourcecode.swift; path = AppDIContainer.swift; sourceTree = "<group>"; };
		685252E82EA0F9A2005B13FC /* Fill In.app */ = {isa = PBXFileReference; explicitFileType = wrapper.application; includeInIndex = 0; path = "Fill In.app"; sourceTree = BUILT_PRODUCTS_DIR; };
		685253002EA0FA02005B13FC /* AppDelegate.swift */ = {isa = PBXFileReference; lastKnownFileType = sourcecode.swift; path = AppDelegate.swift; sourceTree = "<group>"; };
		685253022EA0FA02005B13FC /* Info.plist */ = {isa = PBXFileReference; lastKnownFileType = text.plist.xml; path = Info.plist; sourceTree = "<group>"; };
		685253052EA0FA02005B13FC /* SceneDelegate.swift */ = {isa = PBXFileReference; lastKnownFileType = sourcecode.swift; path = SceneDelegate.swift; sourceTree = "<group>"; };
		68565AF42EA392A9009E2C6F /* TaskCategory.swift */ = {isa = PBXFileReference; lastKnownFileType = sourcecode.swift; path = TaskCategory.swift; sourceTree = "<group>"; };
		68565AF62EA392E7009E2C6F /* TaskImportance.swift */ = {isa = PBXFileReference; lastKnownFileType = sourcecode.swift; path = TaskImportance.swift; sourceTree = "<group>"; };
		68565AFD2EA396E0009E2C6F /* RealmTaskObject.swift */ = {isa = PBXFileReference; lastKnownFileType = sourcecode.swift; path = RealmTaskObject.swift; sourceTree = "<group>"; };
		68565B002EA3980E009E2C6F /* RealmTaskRepository.swift */ = {isa = PBXFileReference; lastKnownFileType = sourcecode.swift; path = RealmTaskRepository.swift; sourceTree = "<group>"; };
		68565B022EA3986D009E2C6F /* TaskMapper.swift */ = {isa = PBXFileReference; lastKnownFileType = sourcecode.swift; path = TaskMapper.swift; sourceTree = "<group>"; };
		68565B072EA3A10C009E2C6F /* TasksModuleFactory.swift */ = {isa = PBXFileReference; lastKnownFileType = sourcecode.swift; path = TasksModuleFactory.swift; sourceTree = "<group>"; };
		68565B0A2EA3F8CC009E2C6F /* CategoryCell.swift */ = {isa = PBXFileReference; lastKnownFileType = sourcecode.swift; path = CategoryCell.swift; sourceTree = "<group>"; };
		68565B0C2EA3FA11009E2C6F /* FilterTaskCategory.swift */ = {isa = PBXFileReference; lastKnownFileType = sourcecode.swift; path = FilterTaskCategory.swift; sourceTree = "<group>"; };
		68565B0E2EA40911009E2C6F /* UITableViewCell+id.swift */ = {isa = PBXFileReference; lastKnownFileType = sourcecode.swift; path = "UITableViewCell+id.swift"; sourceTree = "<group>"; };
		68565B102EA40953009E2C6F /* UICollectionViewCell+id.swift */ = {isa = PBXFileReference; lastKnownFileType = sourcecode.swift; path = "UICollectionViewCell+id.swift"; sourceTree = "<group>"; };
		68A821FC2EA1639800E81EF2 /* TaskView.swift */ = {isa = PBXFileReference; lastKnownFileType = sourcecode.swift; path = TaskView.swift; sourceTree = "<group>"; };
		68A821FE2EA163BE00E81EF2 /* TaskViewModel.swift */ = {isa = PBXFileReference; lastKnownFileType = sourcecode.swift; path = TaskViewModel.swift; sourceTree = "<group>"; };
		68A822002EA1641400E81EF2 /* AddTaskView.swift */ = {isa = PBXFileReference; lastKnownFileType = sourcecode.swift; path = AddTaskView.swift; sourceTree = "<group>"; };
		68A822022EA1643200E81EF2 /* AddTaskViewModel.swift */ = {isa = PBXFileReference; lastKnownFileType = sourcecode.swift; path = AddTaskViewModel.swift; sourceTree = "<group>"; };
		68A822042EA1646800E81EF2 /* TaskCell.swift */ = {isa = PBXFileReference; lastKnownFileType = sourcecode.swift; path = TaskCell.swift; sourceTree = "<group>"; };
		68A822072EA16E3100E81EF2 /* MainTabBarController.swift */ = {isa = PBXFileReference; lastKnownFileType = sourcecode.swift; path = MainTabBarController.swift; sourceTree = "<group>"; };
		68A822092EA16EC700E81EF2 /* StatsViewController.swift */ = {isa = PBXFileReference; lastKnownFileType = sourcecode.swift; path = StatsViewController.swift; sourceTree = "<group>"; };
		68A8220C2EA16F3300E81EF2 /* StatsView.swift */ = {isa = PBXFileReference; lastKnownFileType = sourcecode.swift; path = StatsView.swift; sourceTree = "<group>"; };
		68A8220E2EA16F5100E81EF2 /* StatsViewModel.swift */ = {isa = PBXFileReference; lastKnownFileType = sourcecode.swift; path = StatsViewModel.swift; sourceTree = "<group>"; };
		68A822102EA16FCD00E81EF2 /* AppCoordinator.swift */ = {isa = PBXFileReference; lastKnownFileType = sourcecode.swift; path = AppCoordinator.swift; sourceTree = "<group>"; };
		68A822122EA16FE200E81EF2 /* Constants.swift */ = {isa = PBXFileReference; lastKnownFileType = sourcecode.swift; path = Constants.swift; sourceTree = "<group>"; };
		68A8221A2EA177C200E81EF2 /* BaseCoordinator.swift */ = {isa = PBXFileReference; lastKnownFileType = sourcecode.swift; path = BaseCoordinator.swift; sourceTree = "<group>"; };
		68A8221C2EA177CF00E81EF2 /* LoginCoordinator.swift */ = {isa = PBXFileReference; lastKnownFileType = sourcecode.swift; path = LoginCoordinator.swift; sourceTree = "<group>"; };
		68A8221E2EA177E600E81EF2 /* TabBarCoordinator.swift */ = {isa = PBXFileReference; lastKnownFileType = sourcecode.swift; path = TabBarCoordinator.swift; sourceTree = "<group>"; };
		68A822202EA177FD00E81EF2 /* TasksCoordinator.swift */ = {isa = PBXFileReference; lastKnownFileType = sourcecode.swift; path = TasksCoordinator.swift; sourceTree = "<group>"; };
		68A822222EA1785800E81EF2 /* StatsCoordinator.swift */ = {isa = PBXFileReference; lastKnownFileType = sourcecode.swift; path = StatsCoordinator.swift; sourceTree = "<group>"; };
		68F81B9F2EA12BD800AA48DC /* Assets.xcassets */ = {isa = PBXFileReference; lastKnownFileType = folder.assetcatalog; path = Assets.xcassets; sourceTree = "<group>"; };
		68F81BA02EA12BD800AA48DC /* Base */ = {isa = PBXFileReference; lastKnownFileType = file.storyboard; name = Base; path = Base.lproj/LaunchScreen.storyboard; sourceTree = "<group>"; };
		68F81BA62EA12C3100AA48DC /* LoginViewController.swift */ = {isa = PBXFileReference; lastKnownFileType = sourcecode.swift; path = LoginViewController.swift; sourceTree = "<group>"; };
		68F81BAD2EA12C7F00AA48DC /* TaskViewController.swift */ = {isa = PBXFileReference; lastKnownFileType = sourcecode.swift; path = TaskViewController.swift; sourceTree = "<group>"; };
		68F81BB02EA12CB100AA48DC /* AddTaskViewController.swift */ = {isa = PBXFileReference; lastKnownFileType = sourcecode.swift; path = AddTaskViewController.swift; sourceTree = "<group>"; };
		68F81BB42EA12E4400AA48DC /* BaseViewController.swift */ = {isa = PBXFileReference; lastKnownFileType = sourcecode.swift; path = BaseViewController.swift; sourceTree = "<group>"; };
		68F81BB62EA12E8400AA48DC /* Bindable.swift */ = {isa = PBXFileReference; lastKnownFileType = sourcecode.swift; path = Bindable.swift; sourceTree = "<group>"; };
		68F81BB82EA13D9A00AA48DC /* LoginView.swift */ = {isa = PBXFileReference; lastKnownFileType = sourcecode.swift; path = LoginView.swift; sourceTree = "<group>"; };
		68F81BBA2EA13E9900AA48DC /* AuthViewModel.swift */ = {isa = PBXFileReference; lastKnownFileType = sourcecode.swift; path = AuthViewModel.swift; sourceTree = "<group>"; };
/* End PBXFileReference section */

/* Begin PBXFrameworksBuildPhase section */
		685252E52EA0F9A2005B13FC /* Frameworks */ = {
			isa = PBXFrameworksBuildPhase;
			buildActionMask = 2147483647;
			files = (
				68565B062EA39F5B009E2C6F /* RealmSwift in Frameworks */,
			);
			runOnlyForDeploymentPostprocessing = 0;
		};
/* End PBXFrameworksBuildPhase section */

/* Begin PBXGroup section */
		6816E30C2EA4DA5500E6CE03 /* UserDefaults */ = {
			isa = PBXGroup;
			children = (
				6816E30A2EA4DA3E00E6CE03 /* UserDefaultsUserSettingsRepository.swift */,
			);
			path = UserDefaults;
			sourceTree = "<group>";
		};
		6828A49E2EA2B11400C41D38 /* Entities */ = {
			isa = PBXGroup;
			children = (
				6828A49F2EA2B12200C41D38 /* Task.swift */,
				68565AF42EA392A9009E2C6F /* TaskCategory.swift */,
				68565AF62EA392E7009E2C6F /* TaskImportance.swift */,
				68565B0C2EA3FA11009E2C6F /* FilterTaskCategory.swift */,
			);
			path = Entities;
			sourceTree = "<group>";
		};
		6828A4A12EA2B14400C41D38 /* UseCases */ = {
			isa = PBXGroup;
			children = (
				6828A4A22EA2B15B00C41D38 /* AddTaskUseCase.swift */,
				6828A4A42EA2B16C00C41D38 /* GetTasksUseCase.swift */,
				6828A4A62EA2B18500C41D38 /* UpdateTaskUseCase.swift */,
				6828A4A82EA2B19C00C41D38 /* DeleteTaskUseCase.swift */,
				6816E3062EA4DA0600E6CE03 /* GetActiveFiltersUseCase.swift */,
				6816E3082EA4DA1700E6CE03 /* UpdateActiveFiltersUseCase.swift */,
			);
			path = UseCases;
			sourceTree = "<group>";
		};
		6828A4AA2EA2B1A600C41D38 /* Protocols */ = {
			isa = PBXGroup;
			children = (
				6828A4AB2EA2B1BC00C41D38 /* TaskRepository.swift */,
				68229B042EA42FD1000CC1E2 /* MockTaskRepository.swift */,
				6816E3042EA4D9A000E6CE03 /* UserSettingsRepository.swift */,
			);
			path = Protocols;
			sourceTree = "<group>";
		};
		6828A4B22EA2B20500C41D38 /* Extensions */ = {
			isa = PBXGroup;
			children = (
				68565B0E2EA40911009E2C6F /* UITableViewCell+id.swift */,
				68565B102EA40953009E2C6F /* UICollectionViewCell+id.swift */,
			);
			path = Extensions;
			sourceTree = "<group>";
		};
		685252DF2EA0F9A2005B13FC = {
			isa = PBXGroup;
			children = (
				685253072EA0FA02005B13FC /* Fill In */,
				685252E92EA0F9A2005B13FC /* Products */,
			);
			sourceTree = "<group>";
		};
		685252E92EA0F9A2005B13FC /* Products */ = {
			isa = PBXGroup;
			children = (
				685252E82EA0F9A2005B13FC /* Fill In.app */,
			);
			name = Products;
			sourceTree = "<group>";
		};
		685253072EA0FA02005B13FC /* Fill In */ = {
			isa = PBXGroup;
			children = (
				68F81B9E2EA12BB900AA48DC /* App */,
				68565B092EA3A111009E2C6F /* DI */,
				68A822192EA1768000E81EF2 /* Coordinators */,
				68F81BA52EA12C0000AA48DC /* Presentation */,
				68F81BA22EA12BD800AA48DC /* Resources */,
				68A822152EA1700200E81EF2 /* Data */,
				68A822162EA1701900E81EF2 /* Domain */,
				68A822172EA1702300E81EF2 /* Services */,
				68A822182EA1706100E81EF2 /* Utils */,
			);
			path = "Fill In";
			sourceTree = "<group>";
		};
		68565AFF2EA396E7009E2C6F /* Realm */ = {
			isa = PBXGroup;
			children = (
				68565AFD2EA396E0009E2C6F /* RealmTaskObject.swift */,
				68565B002EA3980E009E2C6F /* RealmTaskRepository.swift */,
				68565B022EA3986D009E2C6F /* TaskMapper.swift */,
			);
			path = Realm;
			sourceTree = "<group>";
		};
		68565B092EA3A111009E2C6F /* DI */ = {
			isa = PBXGroup;
			children = (
				68565B072EA3A10C009E2C6F /* TasksModuleFactory.swift */,
			);
			path = DI;
			sourceTree = "<group>";
		};
		68A822062EA16E1100E81EF2 /* MainTab */ = {
			isa = PBXGroup;
			children = (
				68A822072EA16E3100E81EF2 /* MainTabBarController.swift */,
			);
			path = MainTab;
			sourceTree = "<group>";
		};
		68A8220B2EA16F0300E81EF2 /* Stats */ = {
			isa = PBXGroup;
			children = (
				68A822092EA16EC700E81EF2 /* StatsViewController.swift */,
				68A8220C2EA16F3300E81EF2 /* StatsView.swift */,
				68A8220E2EA16F5100E81EF2 /* StatsViewModel.swift */,
			);
			path = Stats;
			sourceTree = "<group>";
		};
		68A822152EA1700200E81EF2 /* Data */ = {
			isa = PBXGroup;
			children = (
				68565AFF2EA396E7009E2C6F /* Realm */,
				6816E30C2EA4DA5500E6CE03 /* UserDefaults */,
			);
			path = Data;
			sourceTree = "<group>";
		};
		68A822162EA1701900E81EF2 /* Domain */ = {
			isa = PBXGroup;
			children = (
				6828A49E2EA2B11400C41D38 /* Entities */,
				6828A4A12EA2B14400C41D38 /* UseCases */,
				6828A4AA2EA2B1A600C41D38 /* Protocols */,
			);
			path = Domain;
			sourceTree = "<group>";
		};
		68A822172EA1702300E81EF2 /* Services */ = {
			isa = PBXGroup;
			children = (
				6828A4AE2EA2B1DA00C41D38 /* SpeechService.swift */,
			);
			path = Services;
			sourceTree = "<group>";
		};
		68A822182EA1706100E81EF2 /* Utils */ = {
			isa = PBXGroup;
			children = (
				6828A4B22EA2B20500C41D38 /* Extensions */,
				68A822122EA16FE200E81EF2 /* Constants.swift */,
			);
			path = Utils;
			sourceTree = "<group>";
		};
		68A822192EA1768000E81EF2 /* Coordinators */ = {
			isa = PBXGroup;
			children = (
				68A8221A2EA177C200E81EF2 /* BaseCoordinator.swift */,
				68A822102EA16FCD00E81EF2 /* AppCoordinator.swift */,
				68A8221C2EA177CF00E81EF2 /* LoginCoordinator.swift */,
				68A8221E2EA177E600E81EF2 /* TabBarCoordinator.swift */,
				68A822202EA177FD00E81EF2 /* TasksCoordinator.swift */,
				68A822222EA1785800E81EF2 /* StatsCoordinator.swift */,
			);
			path = Coordinators;
			sourceTree = "<group>";
		};
		68F81B9E2EA12BB900AA48DC /* App */ = {
			isa = PBXGroup;
			children = (
				685253052EA0FA02005B13FC /* SceneDelegate.swift */,
				685253002EA0FA02005B13FC /* AppDelegate.swift */,
				6828A4B32EA2B76700C41D38 /* AppDIContainer.swift */,
				685253022EA0FA02005B13FC /* Info.plist */,
			);
			path = App;
			sourceTree = "<group>";
		};
		68F81BA22EA12BD800AA48DC /* Resources */ = {
			isa = PBXGroup;
			children = (
				68F81B9F2EA12BD800AA48DC /* Assets.xcassets */,
				68F81BA12EA12BD800AA48DC /* LaunchScreen.storyboard */,
			);
			path = Resources;
			sourceTree = "<group>";
		};
		68F81BA52EA12C0000AA48DC /* Presentation */ = {
			isa = PBXGroup;
			children = (
				68A822062EA16E1100E81EF2 /* MainTab */,
				68F81BA82EA12C4900AA48DC /* Auth */,
				68F81BAF2EA12C8A00AA48DC /* TaskList */,
				68F81BB22EA12CB500AA48DC /* AddTask */,
				68A8220B2EA16F0300E81EF2 /* Stats */,
				68F81BB32EA12E0100AA48DC /* Shared */,
			);
			path = Presentation;
			sourceTree = "<group>";
		};
		68F81BA82EA12C4900AA48DC /* Auth */ = {
			isa = PBXGroup;
			children = (
				68F81BA62EA12C3100AA48DC /* LoginViewController.swift */,
				68F81BB82EA13D9A00AA48DC /* LoginView.swift */,
				68F81BBA2EA13E9900AA48DC /* AuthViewModel.swift */,
			);
			path = Auth;
			sourceTree = "<group>";
		};
		68F81BAF2EA12C8A00AA48DC /* TaskList */ = {
			isa = PBXGroup;
			children = (
				68F81BAD2EA12C7F00AA48DC /* TaskViewController.swift */,
				68A821FC2EA1639800E81EF2 /* TaskView.swift */,
				68A821FE2EA163BE00E81EF2 /* TaskViewModel.swift */,
				68A822042EA1646800E81EF2 /* TaskCell.swift */,
				68565B0A2EA3F8CC009E2C6F /* CategoryCell.swift */,
				6816E30D2EA4E43700E6CE03 /* FilterCategoryViewModel.swift */,
			);
			path = TaskList;
			sourceTree = "<group>";
		};
		68F81BB22EA12CB500AA48DC /* AddTask */ = {
			isa = PBXGroup;
			children = (
				68F81BB02EA12CB100AA48DC /* AddTaskViewController.swift */,
				68A822002EA1641400E81EF2 /* AddTaskView.swift */,
				68A822022EA1643200E81EF2 /* AddTaskViewModel.swift */,
			);
			path = AddTask;
			sourceTree = "<group>";
		};
		68F81BB32EA12E0100AA48DC /* Shared */ = {
			isa = PBXGroup;
			children = (
				68F81BB42EA12E4400AA48DC /* BaseViewController.swift */,
				68F81BB62EA12E8400AA48DC /* Bindable.swift */,
			);
			path = Shared;
			sourceTree = "<group>";
		};
/* End PBXGroup section */

/* Begin PBXNativeTarget section */
		685252E72EA0F9A2005B13FC /* Fill In */ = {
			isa = PBXNativeTarget;
			buildConfigurationList = 685252FB2EA0F9A4005B13FC /* Build configuration list for PBXNativeTarget "Fill In" */;
			buildPhases = (
				685252E42EA0F9A2005B13FC /* Sources */,
				685252E52EA0F9A2005B13FC /* Frameworks */,
				685252E62EA0F9A2005B13FC /* Resources */,
			);
			buildRules = (
			);
			dependencies = (
			);
			name = "Fill In";
			packageProductDependencies = (
				68565B052EA39F5B009E2C6F /* RealmSwift */,
			);
			productName = "Fill In";
			productReference = 685252E82EA0F9A2005B13FC /* Fill In.app */;
			productType = "com.apple.product-type.application";
		};
/* End PBXNativeTarget section */

/* Begin PBXProject section */
		685252E02EA0F9A2005B13FC /* Project object */ = {
			isa = PBXProject;
			attributes = {
				BuildIndependentTargetsInParallel = 1;
				LastSwiftUpdateCheck = 1620;
				LastUpgradeCheck = 1620;
				TargetAttributes = {
					685252E72EA0F9A2005B13FC = {
						CreatedOnToolsVersion = 16.2;
					};
				};
			};
			buildConfigurationList = 685252E32EA0F9A2005B13FC /* Build configuration list for PBXProject "Fill In" */;
			developmentRegion = en;
			hasScannedForEncodings = 0;
			knownRegions = (
				en,
				Base,
			);
			mainGroup = 685252DF2EA0F9A2005B13FC;
			minimizedProjectReferenceProxies = 1;
			packageReferences = (
				68565B042EA39F5B009E2C6F /* XCRemoteSwiftPackageReference "realm-swift" */,
			);
			preferredProjectObjectVersion = 77;
			productRefGroup = 685252E92EA0F9A2005B13FC /* Products */;
			projectDirPath = "";
			projectRoot = "";
			targets = (
				685252E72EA0F9A2005B13FC /* Fill In */,
			);
		};
/* End PBXProject section */

/* Begin PBXResourcesBuildPhase section */
		685252E62EA0F9A2005B13FC /* Resources */ = {
			isa = PBXResourcesBuildPhase;
			buildActionMask = 2147483647;
			files = (
				68F81BA32EA12BD800AA48DC /* Assets.xcassets in Resources */,
				68F81BA42EA12BD800AA48DC /* LaunchScreen.storyboard in Resources */,
			);
			runOnlyForDeploymentPostprocessing = 0;
		};
/* End PBXResourcesBuildPhase section */

/* Begin PBXSourcesBuildPhase section */
		685252E42EA0F9A2005B13FC /* Sources */ = {
			isa = PBXSourcesBuildPhase;
			buildActionMask = 2147483647;
			files = (
				68229B052EA42FD1000CC1E2 /* MockTaskRepository.swift in Sources */,
				6816E30E2EA4E43700E6CE03 /* FilterCategoryViewModel.swift in Sources */,
				68565AF52EA392A9009E2C6F /* TaskCategory.swift in Sources */,
				6816E3072EA4DA0600E6CE03 /* GetActiveFiltersUseCase.swift in Sources */,
				68565AF72EA392E7009E2C6F /* TaskImportance.swift in Sources */,
				6828A4AC2EA2B1BC00C41D38 /* TaskRepository.swift in Sources */,
				68A821FF2EA163BE00E81EF2 /* TaskViewModel.swift in Sources */,
				68F81BA72EA12C3100AA48DC /* LoginViewController.swift in Sources */,
				68A822082EA16E3100E81EF2 /* MainTabBarController.swift in Sources */,
				68A822032EA1643200E81EF2 /* AddTaskViewModel.swift in Sources */,
				68565B012EA3980E009E2C6F /* RealmTaskRepository.swift in Sources */,
				6816E30B2EA4DA3E00E6CE03 /* UserDefaultsUserSettingsRepository.swift in Sources */,
				6828A4A72EA2B18500C41D38 /* UpdateTaskUseCase.swift in Sources */,
				68A8221F2EA177E600E81EF2 /* TabBarCoordinator.swift in Sources */,
				68A8221D2EA177CF00E81EF2 /* LoginCoordinator.swift in Sources */,
				68A8221B2EA177C200E81EF2 /* BaseCoordinator.swift in Sources */,
				6816E3052EA4D9A000E6CE03 /* UserSettingsRepository.swift in Sources */,
				68A8220F2EA16F5100E81EF2 /* StatsViewModel.swift in Sources */,
				6828A4A02EA2B12200C41D38 /* Task.swift in Sources */,
				6828A4B42EA2B76700C41D38 /* AppDIContainer.swift in Sources */,
				68F81BB72EA12E8400AA48DC /* Bindable.swift in Sources */,
				68A8220A2EA16EC700E81EF2 /* StatsViewController.swift in Sources */,
				68A822012EA1641400E81EF2 /* AddTaskView.swift in Sources */,
				68F81BAE2EA12C7F00AA48DC /* TaskViewController.swift in Sources */,
				68565B0B2EA3F8CC009E2C6F /* CategoryCell.swift in Sources */,
				68A821FD2EA1639800E81EF2 /* TaskView.swift in Sources */,
				685253082EA0FA02005B13FC /* AppDelegate.swift in Sources */,
				68565B0D2EA3FA11009E2C6F /* FilterTaskCategory.swift in Sources */,
				6828A4A32EA2B15B00C41D38 /* AddTaskUseCase.swift in Sources */,
				68565B0F2EA40911009E2C6F /* UITableViewCell+id.swift in Sources */,
				68A822232EA1785800E81EF2 /* StatsCoordinator.swift in Sources */,
				68A822052EA1646800E81EF2 /* TaskCell.swift in Sources */,
				68565AFE2EA396E0009E2C6F /* RealmTaskObject.swift in Sources */,
				685253092EA0FA02005B13FC /* SceneDelegate.swift in Sources */,
				68A8220D2EA16F3300E81EF2 /* StatsView.swift in Sources */,
				68565B082EA3A10C009E2C6F /* TasksModuleFactory.swift in Sources */,
				68F81BB12EA12CB100AA48DC /* AddTaskViewController.swift in Sources */,
				6828A4AF2EA2B1DA00C41D38 /* SpeechService.swift in Sources */,
				68565B112EA40953009E2C6F /* UICollectionViewCell+id.swift in Sources */,
				68565B032EA3986D009E2C6F /* TaskMapper.swift in Sources */,
				68A822132EA16FE200E81EF2 /* Constants.swift in Sources */,
				68A822212EA177FD00E81EF2 /* TasksCoordinator.swift in Sources */,
				68A822112EA16FCD00E81EF2 /* AppCoordinator.swift in Sources */,
				68F81BB92EA13D9A00AA48DC /* LoginView.swift in Sources */,
				68F81BB52EA12E4400AA48DC /* BaseViewController.swift in Sources */,
				6828A4A92EA2B19C00C41D38 /* DeleteTaskUseCase.swift in Sources */,
				6816E3092EA4DA1700E6CE03 /* UpdateActiveFiltersUseCase.swift in Sources */,
				68F81BBB2EA13E9900AA48DC /* AuthViewModel.swift in Sources */,
				6828A4A52EA2B16C00C41D38 /* GetTasksUseCase.swift in Sources */,
			);
			runOnlyForDeploymentPostprocessing = 0;
		};
/* End PBXSourcesBuildPhase section */

/* Begin PBXVariantGroup section */
		68F81BA12EA12BD800AA48DC /* LaunchScreen.storyboard */ = {
			isa = PBXVariantGroup;
			children = (
				68F81BA02EA12BD800AA48DC /* Base */,
			);
			name = LaunchScreen.storyboard;
			sourceTree = "<group>";
		};
/* End PBXVariantGroup section */

/* Begin XCBuildConfiguration section */
		685252FC2EA0F9A4005B13FC /* Debug */ = {
			isa = XCBuildConfiguration;
			buildSettings = {
				ASSETCATALOG_COMPILER_APPICON_NAME = AppIcon;
				ASSETCATALOG_COMPILER_GLOBAL_ACCENT_COLOR_NAME = AccentColor;
				CODE_SIGN_STYLE = Automatic;
				CURRENT_PROJECT_VERSION = 1;
				DEVELOPMENT_TEAM = XU83GBGKSX;
				GENERATE_INFOPLIST_FILE = YES;
				INFOPLIST_FILE = "Fill In/App/Info.plist";
				INFOPLIST_KEY_UIApplicationSupportsIndirectInputEvents = YES;
				INFOPLIST_KEY_UILaunchStoryboardName = LaunchScreen;
				INFOPLIST_KEY_UISupportedInterfaceOrientations_iPad = "UIInterfaceOrientationPortrait UIInterfaceOrientationPortraitUpsideDown UIInterfaceOrientationLandscapeLeft UIInterfaceOrientationLandscapeRight";
				INFOPLIST_KEY_UISupportedInterfaceOrientations_iPhone = "UIInterfaceOrientationPortrait UIInterfaceOrientationLandscapeLeft UIInterfaceOrientationLandscapeRight";
				LD_RUNPATH_SEARCH_PATHS = (
					"$(inherited)",
					"@executable_path/Frameworks",
				);
				MARKETING_VERSION = 1.0;
				PRODUCT_BUNDLE_IDENTIFIER = "com.burdakovskyi.Fill-In";
				PRODUCT_NAME = "$(TARGET_NAME)";
				SUPPORTED_PLATFORMS = "iphoneos iphonesimulator";
				SUPPORTS_MACCATALYST = NO;
				SUPPORTS_MAC_DESIGNED_FOR_IPHONE_IPAD = NO;
				SUPPORTS_XR_DESIGNED_FOR_IPHONE_IPAD = NO;
				SWIFT_EMIT_LOC_STRINGS = YES;
				SWIFT_VERSION = 5.0;
				TARGETED_DEVICE_FAMILY = 1;
			};
			name = Debug;
		};
		685252FD2EA0F9A4005B13FC /* Release */ = {
			isa = XCBuildConfiguration;
			buildSettings = {
				ASSETCATALOG_COMPILER_APPICON_NAME = AppIcon;
				ASSETCATALOG_COMPILER_GLOBAL_ACCENT_COLOR_NAME = AccentColor;
				CODE_SIGN_STYLE = Automatic;
				CURRENT_PROJECT_VERSION = 1;
				DEVELOPMENT_TEAM = XU83GBGKSX;
				GENERATE_INFOPLIST_FILE = YES;
				INFOPLIST_FILE = "Fill In/App/Info.plist";
				INFOPLIST_KEY_UIApplicationSupportsIndirectInputEvents = YES;
				INFOPLIST_KEY_UILaunchStoryboardName = LaunchScreen;
				INFOPLIST_KEY_UISupportedInterfaceOrientations_iPad = "UIInterfaceOrientationPortrait UIInterfaceOrientationPortraitUpsideDown UIInterfaceOrientationLandscapeLeft UIInterfaceOrientationLandscapeRight";
				INFOPLIST_KEY_UISupportedInterfaceOrientations_iPhone = "UIInterfaceOrientationPortrait UIInterfaceOrientationLandscapeLeft UIInterfaceOrientationLandscapeRight";
				LD_RUNPATH_SEARCH_PATHS = (
					"$(inherited)",
					"@executable_path/Frameworks",
				);
				MARKETING_VERSION = 1.0;
				PRODUCT_BUNDLE_IDENTIFIER = "com.burdakovskyi.Fill-In";
				PRODUCT_NAME = "$(TARGET_NAME)";
				SUPPORTED_PLATFORMS = "iphoneos iphonesimulator";
				SUPPORTS_MACCATALYST = NO;
				SUPPORTS_MAC_DESIGNED_FOR_IPHONE_IPAD = NO;
				SUPPORTS_XR_DESIGNED_FOR_IPHONE_IPAD = NO;
				SWIFT_EMIT_LOC_STRINGS = YES;
				SWIFT_VERSION = 5.0;
				TARGETED_DEVICE_FAMILY = 1;
			};
			name = Release;
		};
		685252FE2EA0F9A4005B13FC /* Debug */ = {
			isa = XCBuildConfiguration;
			buildSettings = {
				ALWAYS_SEARCH_USER_PATHS = NO;
				ASSETCATALOG_COMPILER_GENERATE_SWIFT_ASSET_SYMBOL_EXTENSIONS = YES;
				CLANG_ANALYZER_NONNULL = YES;
				CLANG_ANALYZER_NUMBER_OBJECT_CONVERSION = YES_AGGRESSIVE;
				CLANG_CXX_LANGUAGE_STANDARD = "gnu++20";
				CLANG_ENABLE_MODULES = YES;
				CLANG_ENABLE_OBJC_ARC = YES;
				CLANG_ENABLE_OBJC_WEAK = YES;
				CLANG_WARN_BLOCK_CAPTURE_AUTORELEASING = YES;
				CLANG_WARN_BOOL_CONVERSION = YES;
				CLANG_WARN_COMMA = YES;
				CLANG_WARN_CONSTANT_CONVERSION = YES;
				CLANG_WARN_DEPRECATED_OBJC_IMPLEMENTATIONS = YES;
				CLANG_WARN_DIRECT_OBJC_ISA_USAGE = YES_ERROR;
				CLANG_WARN_DOCUMENTATION_COMMENTS = YES;
				CLANG_WARN_EMPTY_BODY = YES;
				CLANG_WARN_ENUM_CONVERSION = YES;
				CLANG_WARN_INFINITE_RECURSION = YES;
				CLANG_WARN_INT_CONVERSION = YES;
				CLANG_WARN_NON_LITERAL_NULL_CONVERSION = YES;
				CLANG_WARN_OBJC_IMPLICIT_RETAIN_SELF = YES;
				CLANG_WARN_OBJC_LITERAL_CONVERSION = YES;
				CLANG_WARN_OBJC_ROOT_CLASS = YES_ERROR;
				CLANG_WARN_QUOTED_INCLUDE_IN_FRAMEWORK_HEADER = YES;
				CLANG_WARN_RANGE_LOOP_ANALYSIS = YES;
				CLANG_WARN_STRICT_PROTOTYPES = YES;
				CLANG_WARN_SUSPICIOUS_MOVE = YES;
				CLANG_WARN_UNGUARDED_AVAILABILITY = YES_AGGRESSIVE;
				CLANG_WARN_UNREACHABLE_CODE = YES;
				CLANG_WARN__DUPLICATE_METHOD_MATCH = YES;
				COPY_PHASE_STRIP = NO;
				DEBUG_INFORMATION_FORMAT = dwarf;
				ENABLE_STRICT_OBJC_MSGSEND = YES;
				ENABLE_TESTABILITY = YES;
				ENABLE_USER_SCRIPT_SANDBOXING = YES;
				GCC_C_LANGUAGE_STANDARD = gnu17;
				GCC_DYNAMIC_NO_PIC = NO;
				GCC_NO_COMMON_BLOCKS = YES;
				GCC_OPTIMIZATION_LEVEL = 0;
				GCC_PREPROCESSOR_DEFINITIONS = (
					"DEBUG=1",
					"$(inherited)",
				);
				GCC_WARN_64_TO_32_BIT_CONVERSION = YES;
				GCC_WARN_ABOUT_RETURN_TYPE = YES_ERROR;
				GCC_WARN_UNDECLARED_SELECTOR = YES;
				GCC_WARN_UNINITIALIZED_AUTOS = YES_AGGRESSIVE;
				GCC_WARN_UNUSED_FUNCTION = YES;
				GCC_WARN_UNUSED_VARIABLE = YES;
				IPHONEOS_DEPLOYMENT_TARGET = 18.2;
				LOCALIZATION_PREFERS_STRING_CATALOGS = YES;
				MTL_ENABLE_DEBUG_INFO = INCLUDE_SOURCE;
				MTL_FAST_MATH = YES;
				ONLY_ACTIVE_ARCH = YES;
				SDKROOT = iphoneos;
				SWIFT_ACTIVE_COMPILATION_CONDITIONS = "DEBUG $(inherited)";
				SWIFT_OPTIMIZATION_LEVEL = "-Onone";
			};
			name = Debug;
		};
		685252FF2EA0F9A4005B13FC /* Release */ = {
			isa = XCBuildConfiguration;
			buildSettings = {
				ALWAYS_SEARCH_USER_PATHS = NO;
				ASSETCATALOG_COMPILER_GENERATE_SWIFT_ASSET_SYMBOL_EXTENSIONS = YES;
				CLANG_ANALYZER_NONNULL = YES;
				CLANG_ANALYZER_NUMBER_OBJECT_CONVERSION = YES_AGGRESSIVE;
				CLANG_CXX_LANGUAGE_STANDARD = "gnu++20";
				CLANG_ENABLE_MODULES = YES;
				CLANG_ENABLE_OBJC_ARC = YES;
				CLANG_ENABLE_OBJC_WEAK = YES;
				CLANG_WARN_BLOCK_CAPTURE_AUTORELEASING = YES;
				CLANG_WARN_BOOL_CONVERSION = YES;
				CLANG_WARN_COMMA = YES;
				CLANG_WARN_CONSTANT_CONVERSION = YES;
				CLANG_WARN_DEPRECATED_OBJC_IMPLEMENTATIONS = YES;
				CLANG_WARN_DIRECT_OBJC_ISA_USAGE = YES_ERROR;
				CLANG_WARN_DOCUMENTATION_COMMENTS = YES;
				CLANG_WARN_EMPTY_BODY = YES;
				CLANG_WARN_ENUM_CONVERSION = YES;
				CLANG_WARN_INFINITE_RECURSION = YES;
				CLANG_WARN_INT_CONVERSION = YES;
				CLANG_WARN_NON_LITERAL_NULL_CONVERSION = YES;
				CLANG_WARN_OBJC_IMPLICIT_RETAIN_SELF = YES;
				CLANG_WARN_OBJC_LITERAL_CONVERSION = YES;
				CLANG_WARN_OBJC_ROOT_CLASS = YES_ERROR;
				CLANG_WARN_QUOTED_INCLUDE_IN_FRAMEWORK_HEADER = YES;
				CLANG_WARN_RANGE_LOOP_ANALYSIS = YES;
				CLANG_WARN_STRICT_PROTOTYPES = YES;
				CLANG_WARN_SUSPICIOUS_MOVE = YES;
				CLANG_WARN_UNGUARDED_AVAILABILITY = YES_AGGRESSIVE;
				CLANG_WARN_UNREACHABLE_CODE = YES;
				CLANG_WARN__DUPLICATE_METHOD_MATCH = YES;
				COPY_PHASE_STRIP = NO;
				DEBUG_INFORMATION_FORMAT = "dwarf-with-dsym";
				ENABLE_NS_ASSERTIONS = NO;
				ENABLE_STRICT_OBJC_MSGSEND = YES;
				ENABLE_USER_SCRIPT_SANDBOXING = YES;
				GCC_C_LANGUAGE_STANDARD = gnu17;
				GCC_NO_COMMON_BLOCKS = YES;
				GCC_WARN_64_TO_32_BIT_CONVERSION = YES;
				GCC_WARN_ABOUT_RETURN_TYPE = YES_ERROR;
				GCC_WARN_UNDECLARED_SELECTOR = YES;
				GCC_WARN_UNINITIALIZED_AUTOS = YES_AGGRESSIVE;
				GCC_WARN_UNUSED_FUNCTION = YES;
				GCC_WARN_UNUSED_VARIABLE = YES;
				IPHONEOS_DEPLOYMENT_TARGET = 18.2;
				LOCALIZATION_PREFERS_STRING_CATALOGS = YES;
				MTL_ENABLE_DEBUG_INFO = NO;
				MTL_FAST_MATH = YES;
				SDKROOT = iphoneos;
				SWIFT_COMPILATION_MODE = wholemodule;
				VALIDATE_PRODUCT = YES;
			};
			name = Release;
		};
/* End XCBuildConfiguration section */

/* Begin XCConfigurationList section */
		685252E32EA0F9A2005B13FC /* Build configuration list for PBXProject "Fill In" */ = {
			isa = XCConfigurationList;
			buildConfigurations = (
				685252FE2EA0F9A4005B13FC /* Debug */,
				685252FF2EA0F9A4005B13FC /* Release */,
			);
			defaultConfigurationIsVisible = 0;
			defaultConfigurationName = Release;
		};
		685252FB2EA0F9A4005B13FC /* Build configuration list for PBXNativeTarget "Fill In" */ = {
			isa = XCConfigurationList;
			buildConfigurations = (
				685252FC2EA0F9A4005B13FC /* Debug */,
				685252FD2EA0F9A4005B13FC /* Release */,
			);
			defaultConfigurationIsVisible = 0;
			defaultConfigurationName = Release;
		};
/* End XCConfigurationList section */

/* Begin XCRemoteSwiftPackageReference section */
		68565B042EA39F5B009E2C6F /* XCRemoteSwiftPackageReference "realm-swift" */ = {
			isa = XCRemoteSwiftPackageReference;
			repositoryURL = "https://github.com/realm/realm-swift.git";
			requirement = {
				kind = upToNextMajorVersion;
				minimumVersion = 10.44.0;
			};
		};
/* End XCRemoteSwiftPackageReference section */

/* Begin XCSwiftPackageProductDependency section */
		68565B052EA39F5B009E2C6F /* RealmSwift */ = {
			isa = XCSwiftPackageProductDependency;
			package = 68565B042EA39F5B009E2C6F /* XCRemoteSwiftPackageReference "realm-swift" */;
			productName = RealmSwift;
		};
/* End XCSwiftPackageProductDependency section */
	};
	rootObject = 685252E02EA0F9A2005B13FC /* Project object */;
}
